// !$*UTF8*$!
{
	archiveVersion = 1;
	classes = {
	};
	objectVersion = 46;
	objects = {

/* Begin PBXBuildFile section */
		B631FDD01E9C08BE006E8039 /* GraphsAlgorithms.swift in Sources */ = {isa = PBXBuildFile; fileRef = B631FDCF1E9C08BE006E8039 /* GraphsAlgorithms.swift */; };
		B631FDD11E9C08BE006E8039 /* GraphsAlgorithms.swift in Sources */ = {isa = PBXBuildFile; fileRef = B631FDCF1E9C08BE006E8039 /* GraphsAlgorithms.swift */; };
		B6C777D61E9BEE37004B392E /* AppDelegate.swift in Sources */ = {isa = PBXBuildFile; fileRef = B6C777D51E9BEE37004B392E /* AppDelegate.swift */; };
		B6C777D81E9BEE37004B392E /* ViewController.swift in Sources */ = {isa = PBXBuildFile; fileRef = B6C777D71E9BEE37004B392E /* ViewController.swift */; };
		B6C777DB1E9BEE37004B392E /* Main.storyboard in Resources */ = {isa = PBXBuildFile; fileRef = B6C777D91E9BEE37004B392E /* Main.storyboard */; };
		B6C777DD1E9BEE37004B392E /* Assets.xcassets in Resources */ = {isa = PBXBuildFile; fileRef = B6C777DC1E9BEE37004B392E /* Assets.xcassets */; };
		B6C777E01E9BEE37004B392E /* LaunchScreen.storyboard in Resources */ = {isa = PBXBuildFile; fileRef = B6C777DE1E9BEE37004B392E /* LaunchScreen.storyboard */; };
		B6C777EB1E9BEE37004B392E /* DijkstraTests.swift in Sources */ = {isa = PBXBuildFile; fileRef = B6C777EA1E9BEE37004B392E /* DijkstraTests.swift */; };
/* End PBXBuildFile section */

/* Begin PBXContainerItemProxy section */
		B6C777E71E9BEE37004B392E /* PBXContainerItemProxy */ = {
			isa = PBXContainerItemProxy;
			containerPortal = B6C777CA1E9BEE37004B392E /* Project object */;
			proxyType = 1;
			remoteGlobalIDString = B6C777D11E9BEE37004B392E;
			remoteInfo = Dijkstra;
		};
/* End PBXContainerItemProxy section */

/* Begin PBXFileReference section */
		B631FDCF1E9C08BE006E8039 /* GraphsAlgorithms.swift */ = {isa = PBXFileReference; fileEncoding = 4; lastKnownFileType = sourcecode.swift; path = GraphsAlgorithms.swift; sourceTree = "<group>"; };
		B6C777D21E9BEE37004B392E /* Dijkstra.app */ = {isa = PBXFileReference; explicitFileType = wrapper.application; includeInIndex = 0; path = Dijkstra.app; sourceTree = BUILT_PRODUCTS_DIR; };
		B6C777D51E9BEE37004B392E /* AppDelegate.swift */ = {isa = PBXFileReference; lastKnownFileType = sourcecode.swift; path = AppDelegate.swift; sourceTree = "<group>"; };
		B6C777D71E9BEE37004B392E /* ViewController.swift */ = {isa = PBXFileReference; lastKnownFileType = sourcecode.swift; path = ViewController.swift; sourceTree = "<group>"; };
		B6C777DA1E9BEE37004B392E /* Base */ = {isa = PBXFileReference; lastKnownFileType = file.storyboard; name = Base; path = Base.lproj/Main.storyboard; sourceTree = "<group>"; };
		B6C777DC1E9BEE37004B392E /* Assets.xcassets */ = {isa = PBXFileReference; lastKnownFileType = folder.assetcatalog; path = Assets.xcassets; sourceTree = "<group>"; };
		B6C777DF1E9BEE37004B392E /* Base */ = {isa = PBXFileReference; lastKnownFileType = file.storyboard; name = Base; path = Base.lproj/LaunchScreen.storyboard; sourceTree = "<group>"; };
		B6C777E11E9BEE37004B392E /* Info.plist */ = {isa = PBXFileReference; lastKnownFileType = text.plist.xml; path = Info.plist; sourceTree = "<group>"; };
		B6C777E61E9BEE37004B392E /* DijkstraTests.xctest */ = {isa = PBXFileReference; explicitFileType = wrapper.cfbundle; includeInIndex = 0; path = DijkstraTests.xctest; sourceTree = BUILT_PRODUCTS_DIR; };
		B6C777EA1E9BEE37004B392E /* DijkstraTests.swift */ = {isa = PBXFileReference; lastKnownFileType = sourcecode.swift; path = DijkstraTests.swift; sourceTree = "<group>"; };
		B6C777EC1E9BEE37004B392E /* Info.plist */ = {isa = PBXFileReference; lastKnownFileType = text.plist.xml; path = Info.plist; sourceTree = "<group>"; };
/* End PBXFileReference section */

/* Begin PBXFrameworksBuildPhase section */
		B6C777CF1E9BEE37004B392E /* Frameworks */ = {
			isa = PBXFrameworksBuildPhase;
			buildActionMask = 2147483647;
			files = (
			);
			runOnlyForDeploymentPostprocessing = 0;
		};
		B6C777E31E9BEE37004B392E /* Frameworks */ = {
			isa = PBXFrameworksBuildPhase;
			buildActionMask = 2147483647;
			files = (
			);
			runOnlyForDeploymentPostprocessing = 0;
		};
/* End PBXFrameworksBuildPhase section */

/* Begin PBXGroup section */
		B6C777C91E9BEE37004B392E = {
			isa = PBXGroup;
			children = (
				B6C777D41E9BEE37004B392E /* Dijkstra */,
				B6C777E91E9BEE37004B392E /* DijkstraTests */,
				B6C777D31E9BEE37004B392E /* Products */,
			);
			sourceTree = "<group>";
		};
		B6C777D31E9BEE37004B392E /* Products */ = {
			isa = PBXGroup;
			children = (
				B6C777D21E9BEE37004B392E /* Dijkstra.app */,
				B6C777E61E9BEE37004B392E /* DijkstraTests.xctest */,
			);
			name = Products;
			sourceTree = "<group>";
		};
		B6C777D41E9BEE37004B392E /* Dijkstra */ = {
			isa = PBXGroup;
			children = (
				B6C777D51E9BEE37004B392E /* AppDelegate.swift */,
				B6C777D71E9BEE37004B392E /* ViewController.swift */,
				B6C777D91E9BEE37004B392E /* Main.storyboard */,
				B6C777DC1E9BEE37004B392E /* Assets.xcassets */,
				B6C777DE1E9BEE37004B392E /* LaunchScreen.storyboard */,
				B6C777E11E9BEE37004B392E /* Info.plist */,
				B631FDCF1E9C08BE006E8039 /* GraphsAlgorithms.swift */,
			);
			path = Dijkstra;
			sourceTree = "<group>";
		};
		B6C777E91E9BEE37004B392E /* DijkstraTests */ = {
			isa = PBXGroup;
			children = (
				B6C777EA1E9BEE37004B392E /* DijkstraTests.swift */,
				B6C777EC1E9BEE37004B392E /* Info.plist */,
			);
			path = DijkstraTests;
			sourceTree = "<group>";
		};
/* End PBXGroup section */

/* Begin PBXNativeTarget section */
		B6C777D11E9BEE37004B392E /* Dijkstra */ = {
			isa = PBXNativeTarget;
			buildConfigurationList = B6C777EF1E9BEE37004B392E /* Build configuration list for PBXNativeTarget "Dijkstra" */;
			buildPhases = (
				B6C777CE1E9BEE37004B392E /* Sources */,
				B6C777CF1E9BEE37004B392E /* Frameworks */,
				B6C777D01E9BEE37004B392E /* Resources */,
			);
			buildRules = (
			);
			dependencies = (
			);
			name = Dijkstra;
			productName = Dijkstra;
			productReference = B6C777D21E9BEE37004B392E /* Dijkstra.app */;
			productType = "com.apple.product-type.application";
		};
		B6C777E51E9BEE37004B392E /* DijkstraTests */ = {
			isa = PBXNativeTarget;
			buildConfigurationList = B6C777F21E9BEE37004B392E /* Build configuration list for PBXNativeTarget "DijkstraTests" */;
			buildPhases = (
				B6C777E21E9BEE37004B392E /* Sources */,
				B6C777E31E9BEE37004B392E /* Frameworks */,
				B6C777E41E9BEE37004B392E /* Resources */,
			);
			buildRules = (
			);
			dependencies = (
				B6C777E81E9BEE37004B392E /* PBXTargetDependency */,
			);
			name = DijkstraTests;
			productName = DijkstraTests;
			productReference = B6C777E61E9BEE37004B392E /* DijkstraTests.xctest */;
			productType = "com.apple.product-type.bundle.unit-test";
		};
/* End PBXNativeTarget section */

/* Begin PBXProject section */
		B6C777CA1E9BEE37004B392E /* Project object */ = {
			isa = PBXProject;
			attributes = {
				LastSwiftUpdateCheck = 0830;
				LastUpgradeCheck = 0830;
				ORGANIZATIONNAME = gzp;
				TargetAttributes = {
					B6C777D11E9BEE37004B392E = {
						CreatedOnToolsVersion = 8.3;
						ProvisioningStyle = Automatic;
					};
					B6C777E51E9BEE37004B392E = {
						CreatedOnToolsVersion = 8.3;
						ProvisioningStyle = Automatic;
						TestTargetID = B6C777D11E9BEE37004B392E;
					};
				};
			};
			buildConfigurationList = B6C777CD1E9BEE37004B392E /* Build configuration list for PBXProject "Dijkstra" */;
			compatibilityVersion = "Xcode 3.2";
			developmentRegion = English;
			hasScannedForEncodings = 0;
			knownRegions = (
				en,
				Base,
			);
			mainGroup = B6C777C91E9BEE37004B392E;
			productRefGroup = B6C777D31E9BEE37004B392E /* Products */;
			projectDirPath = "";
			projectRoot = "";
			targets = (
				B6C777D11E9BEE37004B392E /* Dijkstra */,
				B6C777E51E9BEE37004B392E /* DijkstraTests */,
			);
		};
/* End PBXProject section */

/* Begin PBXResourcesBuildPhase section */
		B6C777D01E9BEE37004B392E /* Resources */ = {
			isa = PBXResourcesBuildPhase;
			buildActionMask = 2147483647;
			files = (
				B6C777E01E9BEE37004B392E /* LaunchScreen.storyboard in Resources */,
				B6C777DD1E9BEE37004B392E /* Assets.xcassets in Resources */,
				B6C777DB1E9BEE37004B392E /* Main.storyboard in Resources */,
			);
			runOnlyForDeploymentPostprocessing = 0;
		};
		B6C777E41E9BEE37004B392E /* Resources */ = {
			isa = PBXResourcesBuildPhase;
			buildActionMask = 2147483647;
			files = (
			);
			runOnlyForDeploymentPostprocessing = 0;
		};
/* End PBXResourcesBuildPhase section */

/* Begin PBXSourcesBuildPhase section */
		B6C777CE1E9BEE37004B392E /* Sources */ = {
			isa = PBXSourcesBuildPhase;
			buildActionMask = 2147483647;
			files = (
				B6C777D81E9BEE37004B392E /* ViewController.swift in Sources */,
				B6C777D61E9BEE37004B392E /* AppDelegate.swift in Sources */,
				B631FDD01E9C08BE006E8039 /* GraphsAlgorithms.swift in Sources */,
			);
			runOnlyForDeploymentPostprocessing = 0;
		};
		B6C777E21E9BEE37004B392E /* Sources */ = {
			isa = PBXSourcesBuildPhase;
			buildActionMask = 2147483647;
			files = (
				B631FDD11E9C08BE006E8039 /* GraphsAlgorithms.swift in Sources */,
				B6C777EB1E9BEE37004B392E /* DijkstraTests.swift in Sources */,
			);
			runOnlyForDeploymentPostprocessing = 0;
		};
/* End PBXSourcesBuildPhase section */

/* Begin PBXTargetDependency section */
		B6C777E81E9BEE37004B392E /* PBXTargetDependency */ = {
			isa = PBXTargetDependency;
			target = B6C777D11E9BEE37004B392E /* Dijkstra */;
			targetProxy = B6C777E71E9BEE37004B392E /* PBXContainerItemProxy */;
		};
/* End PBXTargetDependency section */

/* Begin PBXVariantGroup section */
		B6C777D91E9BEE37004B392E /* Main.storyboard */ = {
			isa = PBXVariantGroup;
			children = (
				B6C777DA1E9BEE37004B392E /* Base */,
			);
			name = Main.storyboard;
			sourceTree = "<group>";
		};
		B6C777DE1E9BEE37004B392E /* LaunchScreen.storyboard */ = {
			isa = PBXVariantGroup;
			children = (
				B6C777DF1E9BEE37004B392E /* Base */,
			);
			name = LaunchScreen.storyboard;
			sourceTree = "<group>";
		};
/* End PBXVariantGroup section */

/* Begin XCBuildConfiguration section */
		B6C777ED1E9BEE37004B392E /* Debug */ = {
			isa = XCBuildConfiguration;
			buildSettings = {
				ALWAYS_SEARCH_USER_PATHS = NO;
				CLANG_ANALYZER_NONNULL = YES;
				CLANG_ANALYZER_NUMBER_OBJECT_CONVERSION = YES_AGGRESSIVE;
				CLANG_CXX_LANGUAGE_STANDARD = "gnu++0x";
				CLANG_CXX_LIBRARY = "libc++";
				CLANG_ENABLE_MODULES = YES;
				CLANG_ENABLE_OBJC_ARC = YES;
				CLANG_WARN_BOOL_CONVERSION = YES;
				CLANG_WARN_CONSTANT_CONVERSION = YES;
				CLANG_WARN_DIRECT_OBJC_ISA_USAGE = YES_ERROR;
				CLANG_WARN_DOCUMENTATION_COMMENTS = YES;
				CLANG_WARN_EMPTY_BODY = YES;
				CLANG_WARN_ENUM_CONVERSION = YES;
				CLANG_WARN_INFINITE_RECURSION = YES;
				CLANG_WARN_INT_CONVERSION = YES;
				CLANG_WARN_OBJC_ROOT_CLASS = YES_ERROR;
				CLANG_WARN_SUSPICIOUS_MOVE = YES;
				CLANG_WARN_UNREACHABLE_CODE = YES;
				CLANG_WARN__DUPLICATE_METHOD_MATCH = YES;
				"CODE_SIGN_IDENTITY[sdk=iphoneos*]" = "iPhone Developer";
				COPY_PHASE_STRIP = NO;
				DEBUG_INFORMATION_FORMAT = dwarf;
				ENABLE_STRICT_OBJC_MSGSEND = YES;
				ENABLE_TESTABILITY = YES;
				GCC_C_LANGUAGE_STANDARD = gnu99;
				GCC_DYNAMIC_NO_PIC = NO;
				GCC_NO_COMMON_BLOCKS = YES;
				GCC_OPTIMIZATION_LEVEL = 0;
				GCC_PREPROCESSOR_DEFINITIONS = (
					"DEBUG=1",
					"$(inherited)",
				);
				GCC_WARN_64_TO_32_BIT_CONVERSION = YES;
				GCC_WARN_ABOUT_RETURN_TYPE = YES_ERROR;
				GCC_WARN_UNDECLARED_SELECTOR = YES;
				GCC_WARN_UNINITIALIZED_AUTOS = YES_AGGRESSIVE;
				GCC_WARN_UNUSED_FUNCTION = YES;
				GCC_WARN_UNUSED_VARIABLE = YES;
				IPHONEOS_DEPLOYMENT_TARGET = 10.2;
				MTL_ENABLE_DEBUG_INFO = YES;
				ONLY_ACTIVE_ARCH = YES;
				SDKROOT = iphoneos;
				SWIFT_ACTIVE_COMPILATION_CONDITIONS = DEBUG;
				SWIFT_OPTIMIZATION_LEVEL = "-Onone";
				TARGETED_DEVICE_FAMILY = "1,2";
			};
			name = Debug;
		};
		B6C777EE1E9BEE37004B392E /* Release */ = {
			isa = XCBuildConfiguration;
			buildSettings = {
				ALWAYS_SEARCH_USER_PATHS = NO;
				CLANG_ANALYZER_NONNULL = YES;
				CLANG_ANALYZER_NUMBER_OBJECT_CONVERSION = YES_AGGRESSIVE;
				CLANG_CXX_LANGUAGE_STANDARD = "gnu++0x";
				CLANG_CXX_LIBRARY = "libc++";
				CLANG_ENABLE_MODULES = YES;
				CLANG_ENABLE_OBJC_ARC = YES;
				CLANG_WARN_BOOL_CONVERSION = YES;
				CLANG_WARN_CONSTANT_CONVERSION = YES;
				CLANG_WARN_DIRECT_OBJC_ISA_USAGE = YES_ERROR;
				CLANG_WARN_DOCUMENTATION_COMMENTS = YES;
				CLANG_WARN_EMPTY_BODY = YES;
				CLANG_WARN_ENUM_CONVERSION = YES;
				CLANG_WARN_INFINITE_RECURSION = YES;
				CLANG_WARN_INT_CONVERSION = YES;
				CLANG_WARN_OBJC_ROOT_CLASS = YES_ERROR;
				CLANG_WARN_SUSPICIOUS_MOVE = YES;
				CLANG_WARN_UNREACHABLE_CODE = YES;
				CLANG_WARN__DUPLICATE_METHOD_MATCH = YES;
				"CODE_SIGN_IDENTITY[sdk=iphoneos*]" = "iPhone Developer";
				COPY_PHASE_STRIP = NO;
				DEBUG_INFORMATION_FORMAT = "dwarf-with-dsym";
				ENABLE_NS_ASSERTIONS = NO;
				ENABLE_STRICT_OBJC_MSGSEND = YES;
				GCC_C_LANGUAGE_STANDARD = gnu99;
				GCC_NO_COMMON_BLOCKS = YES;
				GCC_WARN_64_TO_32_BIT_CONVERSION = YES;
				GCC_WARN_ABOUT_RETURN_TYPE = YES_ERROR;
				GCC_WARN_UNDECLARED_SELECTOR = YES;
				GCC_WARN_UNINITIALIZED_AUTOS = YES_AGGRESSIVE;
				GCC_WARN_UNUSED_FUNCTION = YES;
				GCC_WARN_UNUSED_VARIABLE = YES;
				IPHONEOS_DEPLOYMENT_TARGET = 10.2;
				MTL_ENABLE_DEBUG_INFO = NO;
				SDKROOT = iphoneos;
				SWIFT_OPTIMIZATION_LEVEL = "-Owholemodule";
				TARGETED_DEVICE_FAMILY = "1,2";
				VALIDATE_PRODUCT = YES;
			};
			name = Release;
		};
		B6C777F01E9BEE37004B392E /* Debug */ = {
			isa = XCBuildConfiguration;
			buildSettings = {
				ASSETCATALOG_COMPILER_APPICON_NAME = AppIcon;
				INFOPLIST_FILE = Dijkstra/Info.plist;
				LD_RUNPATH_SEARCH_PATHS = "$(inherited) @executable_path/Frameworks";
				PRODUCT_BUNDLE_IDENTIFIER = com.gzp.Dijkstra;
				PRODUCT_NAME = "$(TARGET_NAME)";
				SWIFT_VERSION = 3.0;
			};
			name = Debug;
		};
		B6C777F11E9BEE37004B392E /* Release */ = {
			isa = XCBuildConfiguration;
			buildSettings = {
				ASSETCATALOG_COMPILER_APPICON_NAME = AppIcon;
				INFOPLIST_FILE = Dijkstra/Info.plist;
				LD_RUNPATH_SEARCH_PATHS = "$(inherited) @executable_path/Frameworks";
				PRODUCT_BUNDLE_IDENTIFIER = com.gzp.Dijkstra;
				PRODUCT_NAME = "$(TARGET_NAME)";
				SWIFT_VERSION = 3.0;
			};
			name = Release;
		};
		B6C777F31E9BEE37004B392E /* Debug */ = {
			isa = XCBuildConfiguration;
			buildSettings = {
				ALWAYS_EMBED_SWIFT_STANDARD_LIBRARIES = YES;
				BUNDLE_LOADER = "$(TEST_HOST)";
				INFOPLIST_FILE = DijkstraTests/Info.plist;
				LD_RUNPATH_SEARCH_PATHS = "$(inherited) @executable_path/Frameworks @loader_path/Frameworks";
				PRODUCT_BUNDLE_IDENTIFIER = com.gzp.DijkstraTests;
				PRODUCT_NAME = "$(TARGET_NAME)";
				SWIFT_VERSION = 3.0;
				TEST_HOST = "$(BUILT_PRODUCTS_DIR)/Dijkstra.app/Dijkstra";
			};
			name = Debug;
		};
		B6C777F41E9BEE37004B392E /* Release */ = {
			isa = XCBuildConfiguration;
			buildSettings = {
				ALWAYS_EMBED_SWIFT_STANDARD_LIBRARIES = YES;
				BUNDLE_LOADER = "$(TEST_HOST)";
				INFOPLIST_FILE = DijkstraTests/Info.plist;
				LD_RUNPATH_SEARCH_PATHS = "$(inherited) @executable_path/Frameworks @loader_path/Frameworks";
				PRODUCT_BUNDLE_IDENTIFIER = com.gzp.DijkstraTests;
				PRODUCT_NAME = "$(TARGET_NAME)";
				SWIFT_VERSION = 3.0;
				TEST_HOST = "$(BUILT_PRODUCTS_DIR)/Dijkstra.app/Dijkstra";
			};
			name = Release;
		};
/* End XCBuildConfiguration section */

/* Begin XCConfigurationList section */
		B6C777CD1E9BEE37004B392E /* Build configuration list for PBXProject "Dijkstra" */ = {
			isa = XCConfigurationList;
			buildConfigurations = (
				B6C777ED1E9BEE37004B392E /* Debug */,
				B6C777EE1E9BEE37004B392E /* Release */,
			);
			defaultConfigurationIsVisible = 0;
			defaultConfigurationName = Release;
		};
		B6C777EF1E9BEE37004B392E /* Build configuration list for PBXNativeTarget "Dijkstra" */ = {
			isa = XCConfigurationList;
			buildConfigurations = (
				B6C777F01E9BEE37004B392E /* Debug */,
				B6C777F11E9BEE37004B392E /* Release */,
			);
			defaultConfigurationIsVisible = 0;
			defaultConfigurationName = Release;
		};
		B6C777F21E9BEE37004B392E /* Build configuration list for PBXNativeTarget "DijkstraTests" */ = {
			isa = XCConfigurationList;
			buildConfigurations = (
				B6C777F31E9BEE37004B392E /* Debug */,
				B6C777F41E9BEE37004B392E /* Release */,
			);
			defaultConfigurationIsVisible = 0;
			defaultConfigurationName = Release;
		};
/* End XCConfigurationList section */
	};
	rootObject = B6C777CA1E9BEE37004B392E /* Project object */;
}
